
Microsoft Visual Studio Solution File, Format Version 12.00
# Visual Studio 15
VisualStudioVersion = 15.0.28010.0
MinimumVisualStudioVersion = 10.0.40219.1
Project("{2150E333-8FDC-42A3-9474-1A3956D46DE8}") = "Web", "Web", "{16B3FB65-3D7B-4F59-A813-BD88C1A73113}"
EndProject
Project("{2150E333-8FDC-42A3-9474-1A3956D46DE8}") = "Common", "Common", "{CD451587-5E71-420D-9369-E2C5C42BF5AE}"
EndProject
Project("{2150E333-8FDC-42A3-9474-1A3956D46DE8}") = "Core", "Core", "{8F563A7E-D995-47FA-BDE7-1CA0BC15B4A2}"
EndProject
Project("{FAE04EC0-301F-11D3-BF4B-00C04F79EFBC}") = "Repositories", "Src\Core\Repositories\Repositories.csproj", "{D36F0998-C0A6-4EAB-80B0-A5348F94A596}"
EndProject
Project("{FAE04EC0-301F-11D3-BF4B-00C04F79EFBC}") = "Logging", "Src\Common\Logging\Logging.csproj", "{862009BF-CCC6-45EF-A82E-3195B86FCD6E}"
EndProject
Project("{FAE04EC0-301F-11D3-BF4B-00C04F79EFBC}") = "Models", "Src\Common\Models\Models.csproj", "{8F4484BB-C5FB-452E-AAD0-20E8A71CD2E0}"
EndProject
Project("{FAE04EC0-301F-11D3-BF4B-00C04F79EFBC}") = "Utility", "Src\Common\Utility\Utility.csproj", "{1D606DFC-04ED-4D0B-989C-21A6B4984887}"
EndProject
Project("{FAE04EC0-301F-11D3-BF4B-00C04F79EFBC}") = "DataAccess", "Src\Core\DataAccess\DataAccess.csproj", "{81DBD1EC-FAC1-403A-8CF6-51A34A0A2692}"
EndProject
Project("{2150E333-8FDC-42A3-9474-1A3956D46DE8}") = "Services", "Services", "{52CCE6BE-0613-4CAA-967D-640A00D3391B}"
EndProject
Project("{2150E333-8FDC-42A3-9474-1A3956D46DE8}") = "UnitTest", "UnitTest", "{9877E5D5-9476-47EC-8B1A-D6EB0C01FAD6}"
EndProject
Project("{FAE04EC0-301F-11D3-BF4B-00C04F79EFBC}") = "QTrans.WebAPI", "Src\Web\QTrans.WebAPI\QTrans.WebAPI.csproj", "{45BB3953-FCE5-44C5-9075-F001E2474ECE}"
EndProject
Project("{FAE04EC0-301F-11D3-BF4B-00C04F79EFBC}") = "QTrans.WebPortal", "Src\Web\QTrans.WebPortal\QTrans.WebPortal.csproj", "{016F9002-707A-4EAE-8FA6-1766E8152348}"
EndProject
Project("{2150E333-8FDC-42A3-9474-1A3956D46DE8}") = "SampleTest", "SampleTest", "{0DED4F75-551D-44F3-B4DE-685ABAC4C821}"
EndProject
Project("{FAE04EC0-301F-11D3-BF4B-00C04F79EFBC}") = "SampleTest", "Src\Research\SampleTest\SampleTest.csproj", "{1130D568-438B-446D-BFD4-AF14CDB7F96B}"
EndProject
Project("{FAE04EC0-301F-11D3-BF4B-00C04F79EFBC}") = "QTrans.Alert", "Src\Service\QTrans.Alert\QTrans.Alert.csproj", "{0916EEE1-F6A7-4456-B3DD-0CE9CE97DD1B}"
EndProject
Project("{FAE04EC0-301F-11D3-BF4B-00C04F79EFBC}") = "Contract", "Src\Common\Contract\Contract.csproj", "{BADA55A7-3DBB-4F00-9372-9FBF790475FB}"
EndProject
Project("{2150E333-8FDC-42A3-9474-1A3956D46DE8}") = "Business", "Business", "{9C8B052A-F050-4DE3-AC8E-0A6879FBC421}"
EndProject
Project("{FAE04EC0-301F-11D3-BF4B-00C04F79EFBC}") = "QTrans.Alert.Core", "Src\Apps\QTrans.Alert.Core\QTrans.Alert.Core.csproj", "{1FF4DB41-B4EC-4A72-AA20-25106722EC4F}"
EndProject
Project("{FAE04EC0-301F-11D3-BF4B-00C04F79EFBC}") = "Common", "Src\Common\Common\Common.csproj", "{4F348B66-920B-4FCF-B553-5EE577514A6C}"
EndProject
Global
	GlobalSection(SolutionConfigurationPlatforms) = preSolution
		Debug|Any CPU = Debug|Any CPU
		Release|Any CPU = Release|Any CPU
	EndGlobalSection
	GlobalSection(ProjectConfigurationPlatforms) = postSolution
		{D36F0998-C0A6-4EAB-80B0-A5348F94A596}.Debug|Any CPU.ActiveCfg = Debug|Any CPU
		{D36F0998-C0A6-4EAB-80B0-A5348F94A596}.Debug|Any CPU.Build.0 = Debug|Any CPU
		{D36F0998-C0A6-4EAB-80B0-A5348F94A596}.Release|Any CPU.ActiveCfg = Release|Any CPU
		{D36F0998-C0A6-4EAB-80B0-A5348F94A596}.Release|Any CPU.Build.0 = Release|Any CPU
		{862009BF-CCC6-45EF-A82E-3195B86FCD6E}.Debug|Any CPU.ActiveCfg = Debug|Any CPU
		{862009BF-CCC6-45EF-A82E-3195B86FCD6E}.Debug|Any CPU.Build.0 = Debug|Any CPU
		{862009BF-CCC6-45EF-A82E-3195B86FCD6E}.Release|Any CPU.ActiveCfg = Release|Any CPU
		{862009BF-CCC6-45EF-A82E-3195B86FCD6E}.Release|Any CPU.Build.0 = Release|Any CPU
		{8F4484BB-C5FB-452E-AAD0-20E8A71CD2E0}.Debug|Any CPU.ActiveCfg = Debug|Any CPU
		{8F4484BB-C5FB-452E-AAD0-20E8A71CD2E0}.Debug|Any CPU.Build.0 = Debug|Any CPU
		{8F4484BB-C5FB-452E-AAD0-20E8A71CD2E0}.Release|Any CPU.ActiveCfg = Release|Any CPU
		{8F4484BB-C5FB-452E-AAD0-20E8A71CD2E0}.Release|Any CPU.Build.0 = Release|Any CPU
		{1D606DFC-04ED-4D0B-989C-21A6B4984887}.Debug|Any CPU.ActiveCfg = Debug|Any CPU
		{1D606DFC-04ED-4D0B-989C-21A6B4984887}.Debug|Any CPU.Build.0 = Debug|Any CPU
		{1D606DFC-04ED-4D0B-989C-21A6B4984887}.Release|Any CPU.ActiveCfg = Release|Any CPU
		{1D606DFC-04ED-4D0B-989C-21A6B4984887}.Release|Any CPU.Build.0 = Release|Any CPU
		{81DBD1EC-FAC1-403A-8CF6-51A34A0A2692}.Debug|Any CPU.ActiveCfg = Debug|Any CPU
		{81DBD1EC-FAC1-403A-8CF6-51A34A0A2692}.Debug|Any CPU.Build.0 = Debug|Any CPU
		{81DBD1EC-FAC1-403A-8CF6-51A34A0A2692}.Release|Any CPU.ActiveCfg = Release|Any CPU
		{81DBD1EC-FAC1-403A-8CF6-51A34A0A2692}.Release|Any CPU.Build.0 = Release|Any CPU
		{45BB3953-FCE5-44C5-9075-F001E2474ECE}.Debug|Any CPU.ActiveCfg = Debug|Any CPU
		{45BB3953-FCE5-44C5-9075-F001E2474ECE}.Debug|Any CPU.Build.0 = Debug|Any CPU
		{45BB3953-FCE5-44C5-9075-F001E2474ECE}.Release|Any CPU.ActiveCfg = Release|Any CPU
		{45BB3953-FCE5-44C5-9075-F001E2474ECE}.Release|Any CPU.Build.0 = Release|Any CPU
		{016F9002-707A-4EAE-8FA6-1766E8152348}.Debug|Any CPU.ActiveCfg = Debug|Any CPU
		{016F9002-707A-4EAE-8FA6-1766E8152348}.Debug|Any CPU.Build.0 = Debug|Any CPU
		{016F9002-707A-4EAE-8FA6-1766E8152348}.Release|Any CPU.ActiveCfg = Release|Any CPU
		{016F9002-707A-4EAE-8FA6-1766E8152348}.Release|Any CPU.Build.0 = Release|Any CPU
		{1130D568-438B-446D-BFD4-AF14CDB7F96B}.Debug|Any CPU.ActiveCfg = Debug|Any CPU
		{1130D568-438B-446D-BFD4-AF14CDB7F96B}.Debug|Any CPU.Build.0 = Debug|Any CPU
		{1130D568-438B-446D-BFD4-AF14CDB7F96B}.Release|Any CPU.ActiveCfg = Release|Any CPU
		{1130D568-438B-446D-BFD4-AF14CDB7F96B}.Release|Any CPU.Build.0 = Release|Any CPU
		{0916EEE1-F6A7-4456-B3DD-0CE9CE97DD1B}.Debug|Any CPU.ActiveCfg = Debug|Any CPU
		{0916EEE1-F6A7-4456-B3DD-0CE9CE97DD1B}.Debug|Any CPU.Build.0 = Debug|Any CPU
		{0916EEE1-F6A7-4456-B3DD-0CE9CE97DD1B}.Release|Any CPU.ActiveCfg = Release|Any CPU
		{0916EEE1-F6A7-4456-B3DD-0CE9CE97DD1B}.Release|Any CPU.Build.0 = Release|Any CPU
		{BADA55A7-3DBB-4F00-9372-9FBF790475FB}.Debug|Any CPU.ActiveCfg = Debug|Any CPU
		{BADA55A7-3DBB-4F00-9372-9FBF790475FB}.Debug|Any CPU.Build.0 = Debug|Any CPU
		{BADA55A7-3DBB-4F00-9372-9FBF790475FB}.Release|Any CPU.ActiveCfg = Release|Any CPU
		{BADA55A7-3DBB-4F00-9372-9FBF790475FB}.Release|Any CPU.Build.0 = Release|Any CPU
		{1FF4DB41-B4EC-4A72-AA20-25106722EC4F}.Debug|Any CPU.ActiveCfg = Debug|Any CPU
		{1FF4DB41-B4EC-4A72-AA20-25106722EC4F}.Debug|Any CPU.Build.0 = Debug|Any CPU
		{1FF4DB41-B4EC-4A72-AA20-25106722EC4F}.Release|Any CPU.ActiveCfg = Release|Any CPU
		{1FF4DB41-B4EC-4A72-AA20-25106722EC4F}.Release|Any CPU.Build.0 = Release|Any CPU
		{4F348B66-920B-4FCF-B553-5EE577514A6C}.Debug|Any CPU.ActiveCfg = Debug|Any CPU
		{4F348B66-920B-4FCF-B553-5EE577514A6C}.Debug|Any CPU.Build.0 = Debug|Any CPU
		{4F348B66-920B-4FCF-B553-5EE577514A6C}.Release|Any CPU.ActiveCfg = Release|Any CPU
		{4F348B66-920B-4FCF-B553-5EE577514A6C}.Release|Any CPU.Build.0 = Release|Any CPU
	EndGlobalSection
	GlobalSection(SolutionProperties) = preSolution
		HideSolutionNode = FALSE
	EndGlobalSection
	GlobalSection(NestedProjects) = preSolution
		{D36F0998-C0A6-4EAB-80B0-A5348F94A596} = {8F563A7E-D995-47FA-BDE7-1CA0BC15B4A2}
		{862009BF-CCC6-45EF-A82E-3195B86FCD6E} = {CD451587-5E71-420D-9369-E2C5C42BF5AE}
		{8F4484BB-C5FB-452E-AAD0-20E8A71CD2E0} = {CD451587-5E71-420D-9369-E2C5C42BF5AE}
		{1D606DFC-04ED-4D0B-989C-21A6B4984887} = {CD451587-5E71-420D-9369-E2C5C42BF5AE}
		{81DBD1EC-FAC1-403A-8CF6-51A34A0A2692} = {8F563A7E-D995-47FA-BDE7-1CA0BC15B4A2}
		{45BB3953-FCE5-44C5-9075-F001E2474ECE} = {16B3FB65-3D7B-4F59-A813-BD88C1A73113}
		{016F9002-707A-4EAE-8FA6-1766E8152348} = {16B3FB65-3D7B-4F59-A813-BD88C1A73113}
		{1130D568-438B-446D-BFD4-AF14CDB7F96B} = {0DED4F75-551D-44F3-B4DE-685ABAC4C821}
		{0916EEE1-F6A7-4456-B3DD-0CE9CE97DD1B} = {52CCE6BE-0613-4CAA-967D-640A00D3391B}
		{BADA55A7-3DBB-4F00-9372-9FBF790475FB} = {CD451587-5E71-420D-9369-E2C5C42BF5AE}
		{1FF4DB41-B4EC-4A72-AA20-25106722EC4F} = {9C8B052A-F050-4DE3-AC8E-0A6879FBC421}
		{4F348B66-920B-4FCF-B553-5EE577514A6C} = {CD451587-5E71-420D-9369-E2C5C42BF5AE}
	EndGlobalSection
	GlobalSection(ExtensibilityGlobals) = postSolution
		SolutionGuid = {960E7416-D611-425E-ADD8-BF7EEB898EA6}
	EndGlobalSection
EndGlobal
